{
    "name": "as",
    "lockfileVersion": 3,
    "requires": true,
    "packages": {
        "": {
            "devDependencies": {
                "assemblyscript": "^0.23.1"
            }
        },
        "node_modules/assemblyscript": {
            "version": "0.23.1",
            "resolved": "https://registry.npmjs.org/assemblyscript/-/assemblyscript-0.23.1.tgz",
            "integrity": "sha512-D6n9s5x2Ll8I0e6rYfs/ZvHINcZrBPUfgwC10cXwyNxnvE3aJ+uiXlUQypMxPfo0LON2QKjDLvLkem+UMB1XCg==",
            "dev": true,
            "dependencies": {
                "binaryen": "110.0.0-nightly.20221105",
                "long": "^5.2.0"
            },
            "bin": {
                "asc": "bin/asc.js",
                "asinit": "bin/asinit.js"
            },
            "engines": {
                "node": ">=16.0.0",
                "npm": ">=7.0.0"
            },
            "funding": {
                "type": "opencollective",
                "url": "https://opencollective.com/assemblyscript"
            }
        },
        "node_modules/binaryen": {
            "version": "110.0.0-nightly.20221105",
            "resolved": "https://registry.npmjs.org/binaryen/-/binaryen-110.0.0-nightly.20221105.tgz",
            "integrity": "sha512-OBESOc51q3SwgG8Uv8nMzGnSq7LJpSB/Fu8B3AjlZg6YtCEwRnlDWlnwNB6mdql+VdexfKmNcsrs4K7MYidmdQ==",
            "dev": true,
            "bin": {
                "wasm-opt": "bin/wasm-opt",
                "wasm2js": "bin/wasm2js"
            }
        },
        "node_modules/long": {
            "version": "5.2.3",
            "resolved": "https://registry.npmjs.org/long/-/long-5.2.3.tgz",
            "integrity": "sha512-lcHwpNoggQTObv5apGNCTdJrO69eHOZMi4BNC+rTLER8iHAqGrUVeLh/irVIM7zTw2bOXA8T6uNPeujwOLg/2Q==",
            "dev": true
        }
    }
}
